
Microsoft Visual Studio Solution File, Format Version 12.00
# Visual Studio Version 17
VisualStudioVersion = 17.1.32210.238
MinimumVisualStudioVersion = 10.0.40219.1
Project("{9A19103F-16F7-4668-BE54-9A1E7A4F7556}") = "DidacticVerse", "DidacticVerse\DidacticVerse.csproj", "{60E8BA23-E299-421A-9E4F-7A2CE7FF18D5}"
EndProject
Global
	GlobalSection(SolutionConfigurationPlatforms) = preSolution
		Debug|Any CPU = Debug|Any CPU
		Release|Any CPU = Release|Any CPU
	EndGlobalSection
	GlobalSection(ProjectConfigurationPlatforms) = postSolution
		{60E8BA23-E299-421A-9E4F-7A2CE7FF18D5}.Debug|Any CPU.ActiveCfg = Debug|Any CPU
		{60E8BA23-E299-421A-9E4F-7A2CE7FF18D5}.Debug|Any CPU.Build.0 = Debug|Any CPU
		{60E8BA23-E299-421A-9E4F-7A2CE7FF18D5}.Release|Any CPU.ActiveCfg = Release|Any CPU
		{60E8BA23-E299-421A-9E4F-7A2CE7FF18D5}.Release|Any CPU.Build.0 = Release|Any CPU
	EndGlobalSection
	GlobalSection(SolutionProperties) = preSolution
		HideSolutionNode = FALSE
	EndGlobalSection
	GlobalSection(ExtensibilityGlobals) = postSolution
		SolutionGuid = {0103E1F6-D3D1-4D51-BA13-9980CFEEDBA8}
	EndGlobalSection
EndGlobal
